
Microsoft Visual Studio Solution File, Format Version 11.00
# Visual Studio 2010
Project("{FAE04EC0-301F-11D3-BF4B-00C04F79EFBC}") = "NET.12-1-Gurjot-Kaur-N01462430", "NET.12-1-Gurjot-Kaur-N01462430\NET.12-1-Gurjot-Kaur-N01462430.csproj", "{6EC0CD29-B57B-4D77-B0EA-409ACF28A08F}"
EndProject
Global
	GlobalSection(SolutionConfigurationPlatforms) = preSolution
		Debug|x86 = Debug|x86
		Release|x86 = Release|x86
	EndGlobalSection
	GlobalSection(ProjectConfigurationPlatforms) = postSolution
		{6EC0CD29-B57B-4D77-B0EA-409ACF28A08F}.Debug|x86.ActiveCfg = Debug|x86
		{6EC0CD29-B57B-4D77-B0EA-409ACF28A08F}.Debug|x86.Build.0 = Debug|x86
		{6EC0CD29-B57B-4D77-B0EA-409ACF28A08F}.Release|x86.ActiveCfg = Release|x86
		{6EC0CD29-B57B-4D77-B0EA-409ACF28A08F}.Release|x86.Build.0 = Release|x86
	EndGlobalSection
	GlobalSection(SolutionProperties) = preSolution
		HideSolutionNode = FALSE
	EndGlobalSection
EndGlobal
